
Microsoft Visual Studio Solution File, Format Version 12.00
# Visual Studio Version 17
VisualStudioVersion = 17.2.32516.85
MinimumVisualStudioVersion = 10.0.40219.1
Project("{FAE04EC0-301F-11D3-BF4B-00C04F79EFBC}") = "DapperCrud", "DapperCrud\DapperCrud.csproj", "{FA3BA446-714C-45D9-856E-243817FAAE3B}"
EndProject
Global
	GlobalSection(SolutionConfigurationPlatforms) = preSolution
		Debug|Any CPU = Debug|Any CPU
		Release|Any CPU = Release|Any CPU
	EndGlobalSection
	GlobalSection(ProjectConfigurationPlatforms) = postSolution
		{FA3BA446-714C-45D9-856E-243817FAAE3B}.Debug|Any CPU.ActiveCfg = Debug|Any CPU
		{FA3BA446-714C-45D9-856E-243817FAAE3B}.Debug|Any CPU.Build.0 = Debug|Any CPU
		{FA3BA446-714C-45D9-856E-243817FAAE3B}.Release|Any CPU.ActiveCfg = Release|Any CPU
		{FA3BA446-714C-45D9-856E-243817FAAE3B}.Release|Any CPU.Build.0 = Release|Any CPU
	EndGlobalSection
	GlobalSection(SolutionProperties) = preSolution
		HideSolutionNode = FALSE
	EndGlobalSection
	GlobalSection(ExtensibilityGlobals) = postSolution
		SolutionGuid = {AC9F79F5-53B2-4B6D-8F0D-FCB84BC17F41}
	EndGlobalSection
EndGlobal
